// !$*UTF8*$!
{
	archiveVersion = 1;
	classes = {
	};
	objectVersion = 46;
	objects = {

/* Begin PBXBuildFile section */
		2CF5F6D61F69C2A900B1A0F7 /* AppDelegate.swift in Sources */ = {isa = PBXBuildFile; fileRef = 2CF5F6D51F69C2A900B1A0F7 /* AppDelegate.swift */; };
		2CF5F6D81F69C2A900B1A0F7 /* ViewController.swift in Sources */ = {isa = PBXBuildFile; fileRef = 2CF5F6D71F69C2A900B1A0F7 /* ViewController.swift */; };
		2CF5F6DB1F69C2A900B1A0F7 /* Main.storyboard in Resources */ = {isa = PBXBuildFile; fileRef = 2CF5F6D91F69C2A900B1A0F7 /* Main.storyboard */; };
		2CF5F6DD1F69C2A900B1A0F7 /* Assets.xcassets in Resources */ = {isa = PBXBuildFile; fileRef = 2CF5F6DC1F69C2A900B1A0F7 /* Assets.xcassets */; };
		2CF5F6E01F69C2A900B1A0F7 /* LaunchScreen.storyboard in Resources */ = {isa = PBXBuildFile; fileRef = 2CF5F6DE1F69C2A900B1A0F7 /* LaunchScreen.storyboard */; };
		2CF5F6EB1F69C2A900B1A0F7 /* NYTimesAPITests.swift in Sources */ = {isa = PBXBuildFile; fileRef = 2CF5F6EA1F69C2A900B1A0F7 /* NYTimesAPITests.swift */; };
		2CF5F6F61F69C2A900B1A0F7 /* NYTimesAPIUITests.swift in Sources */ = {isa = PBXBuildFile; fileRef = 2CF5F6F51F69C2A900B1A0F7 /* NYTimesAPIUITests.swift */; };
/* End PBXBuildFile section */

/* Begin PBXContainerItemProxy section */
		2CF5F6E71F69C2A900B1A0F7 /* PBXContainerItemProxy */ = {
			isa = PBXContainerItemProxy;
			containerPortal = 2CF5F6CA1F69C2A900B1A0F7 /* Project object */;
			proxyType = 1;
			remoteGlobalIDString = 2CF5F6D11F69C2A900B1A0F7;
			remoteInfo = NYTimesAPI;
		};
		2CF5F6F21F69C2A900B1A0F7 /* PBXContainerItemProxy */ = {
			isa = PBXContainerItemProxy;
			containerPortal = 2CF5F6CA1F69C2A900B1A0F7 /* Project object */;
			proxyType = 1;
			remoteGlobalIDString = 2CF5F6D11F69C2A900B1A0F7;
			remoteInfo = NYTimesAPI;
		};
/* End PBXContainerItemProxy section */

/* Begin PBXFileReference section */
		2CF5F6D21F69C2A900B1A0F7 /* NYTimesAPI.app */ = {isa = PBXFileReference; explicitFileType = wrapper.application; includeInIndex = 0; path = NYTimesAPI.app; sourceTree = BUILT_PRODUCTS_DIR; };
		2CF5F6D51F69C2A900B1A0F7 /* AppDelegate.swift */ = {isa = PBXFileReference; lastKnownFileType = sourcecode.swift; path = AppDelegate.swift; sourceTree = "<group>"; };
		2CF5F6D71F69C2A900B1A0F7 /* ViewController.swift */ = {isa = PBXFileReference; lastKnownFileType = sourcecode.swift; path = ViewController.swift; sourceTree = "<group>"; };
		2CF5F6DA1F69C2A900B1A0F7 /* Base */ = {isa = PBXFileReference; lastKnownFileType = file.storyboard; name = Base; path = Base.lproj/Main.storyboard; sourceTree = "<group>"; };
		2CF5F6DC1F69C2A900B1A0F7 /* Assets.xcassets */ = {isa = PBXFileReference; lastKnownFileType = folder.assetcatalog; path = Assets.xcassets; sourceTree = "<group>"; };
		2CF5F6DF1F69C2A900B1A0F7 /* Base */ = {isa = PBXFileReference; lastKnownFileType = file.storyboard; name = Base; path = Base.lproj/LaunchScreen.storyboard; sourceTree = "<group>"; };
		2CF5F6E11F69C2A900B1A0F7 /* Info.plist */ = {isa = PBXFileReference; lastKnownFileType = text.plist.xml; path = Info.plist; sourceTree = "<group>"; };
		2CF5F6E61F69C2A900B1A0F7 /* NYTimesAPITests.xctest */ = {isa = PBXFileReference; explicitFileType = wrapper.cfbundle; includeInIndex = 0; path = NYTimesAPITests.xctest; sourceTree = BUILT_PRODUCTS_DIR; };
		2CF5F6EA1F69C2A900B1A0F7 /* NYTimesAPITests.swift */ = {isa = PBXFileReference; lastKnownFileType = sourcecode.swift; path = NYTimesAPITests.swift; sourceTree = "<group>"; };
		2CF5F6EC1F69C2A900B1A0F7 /* Info.plist */ = {isa = PBXFileReference; lastKnownFileType = text.plist.xml; path = Info.plist; sourceTree = "<group>"; };
		2CF5F6F11F69C2A900B1A0F7 /* NYTimesAPIUITests.xctest */ = {isa = PBXFileReference; explicitFileType = wrapper.cfbundle; includeInIndex = 0; path = NYTimesAPIUITests.xctest; sourceTree = BUILT_PRODUCTS_DIR; };
		2CF5F6F51F69C2A900B1A0F7 /* NYTimesAPIUITests.swift */ = {isa = PBXFileReference; lastKnownFileType = sourcecode.swift; path = NYTimesAPIUITests.swift; sourceTree = "<group>"; };
		2CF5F6F71F69C2A900B1A0F7 /* Info.plist */ = {isa = PBXFileReference; lastKnownFileType = text.plist.xml; path = Info.plist; sourceTree = "<group>"; };
/* End PBXFileReference section */

/* Begin PBXFrameworksBuildPhase section */
		2CF5F6CF1F69C2A900B1A0F7 /* Frameworks */ = {
			isa = PBXFrameworksBuildPhase;
			buildActionMask = 2147483647;
			files = (
			);
			runOnlyForDeploymentPostprocessing = 0;
		};
		2CF5F6E31F69C2A900B1A0F7 /* Frameworks */ = {
			isa = PBXFrameworksBuildPhase;
			buildActionMask = 2147483647;
			files = (
			);
			runOnlyForDeploymentPostprocessing = 0;
		};
		2CF5F6EE1F69C2A900B1A0F7 /* Frameworks */ = {
			isa = PBXFrameworksBuildPhase;
			buildActionMask = 2147483647;
			files = (
			);
			runOnlyForDeploymentPostprocessing = 0;
		};
/* End PBXFrameworksBuildPhase section */

/* Begin PBXGroup section */
		2CF5F6C91F69C2A900B1A0F7 = {
			isa = PBXGroup;
			children = (
				2CF5F6D41F69C2A900B1A0F7 /* NYTimesAPI */,
				2CF5F6E91F69C2A900B1A0F7 /* NYTimesAPITests */,
				2CF5F6F41F69C2A900B1A0F7 /* NYTimesAPIUITests */,
				2CF5F6D31F69C2A900B1A0F7 /* Products */,
			);
			sourceTree = "<group>";
		};
		2CF5F6D31F69C2A900B1A0F7 /* Products */ = {
			isa = PBXGroup;
			children = (
				2CF5F6D21F69C2A900B1A0F7 /* NYTimesAPI.app */,
				2CF5F6E61F69C2A900B1A0F7 /* NYTimesAPITests.xctest */,
				2CF5F6F11F69C2A900B1A0F7 /* NYTimesAPIUITests.xctest */,
			);
			name = Products;
			sourceTree = "<group>";
		};
		2CF5F6D41F69C2A900B1A0F7 /* NYTimesAPI */ = {
			isa = PBXGroup;
			children = (
				2CF5F6D51F69C2A900B1A0F7 /* AppDelegate.swift */,
				2CF5F6D71F69C2A900B1A0F7 /* ViewController.swift */,
				2CF5F6D91F69C2A900B1A0F7 /* Main.storyboard */,
				2CF5F6DC1F69C2A900B1A0F7 /* Assets.xcassets */,
				2CF5F6DE1F69C2A900B1A0F7 /* LaunchScreen.storyboard */,
				2CF5F6E11F69C2A900B1A0F7 /* Info.plist */,
			);
			path = NYTimesAPI;
			sourceTree = "<group>";
		};
		2CF5F6E91F69C2A900B1A0F7 /* NYTimesAPITests */ = {
			isa = PBXGroup;
			children = (
				2CF5F6EA1F69C2A900B1A0F7 /* NYTimesAPITests.swift */,
				2CF5F6EC1F69C2A900B1A0F7 /* Info.plist */,
			);
			path = NYTimesAPITests;
			sourceTree = "<group>";
		};
		2CF5F6F41F69C2A900B1A0F7 /* NYTimesAPIUITests */ = {
			isa = PBXGroup;
			children = (
				2CF5F6F51F69C2A900B1A0F7 /* NYTimesAPIUITests.swift */,
				2CF5F6F71F69C2A900B1A0F7 /* Info.plist */,
			);
			path = NYTimesAPIUITests;
			sourceTree = "<group>";
		};
/* End PBXGroup section */

/* Begin PBXNativeTarget section */
		2CF5F6D11F69C2A900B1A0F7 /* NYTimesAPI */ = {
			isa = PBXNativeTarget;
			buildConfigurationList = 2CF5F6FA1F69C2A900B1A0F7 /* Build configuration list for PBXNativeTarget "NYTimesAPI" */;
			buildPhases = (
				2CF5F6CE1F69C2A900B1A0F7 /* Sources */,
				2CF5F6CF1F69C2A900B1A0F7 /* Frameworks */,
				2CF5F6D01F69C2A900B1A0F7 /* Resources */,
			);
			buildRules = (
			);
			dependencies = (
			);
			name = NYTimesAPI;
			productName = NYTimesAPI;
			productReference = 2CF5F6D21F69C2A900B1A0F7 /* NYTimesAPI.app */;
			productType = "com.apple.product-type.application";
		};
		2CF5F6E51F69C2A900B1A0F7 /* NYTimesAPITests */ = {
			isa = PBXNativeTarget;
			buildConfigurationList = 2CF5F6FD1F69C2A900B1A0F7 /* Build configuration list for PBXNativeTarget "NYTimesAPITests" */;
			buildPhases = (
				2CF5F6E21F69C2A900B1A0F7 /* Sources */,
				2CF5F6E31F69C2A900B1A0F7 /* Frameworks */,
				2CF5F6E41F69C2A900B1A0F7 /* Resources */,
			);
			buildRules = (
			);
			dependencies = (
				2CF5F6E81F69C2A900B1A0F7 /* PBXTargetDependency */,
			);
			name = NYTimesAPITests;
			productName = NYTimesAPITests;
			productReference = 2CF5F6E61F69C2A900B1A0F7 /* NYTimesAPITests.xctest */;
			productType = "com.apple.product-type.bundle.unit-test";
		};
		2CF5F6F01F69C2A900B1A0F7 /* NYTimesAPIUITests */ = {
			isa = PBXNativeTarget;
			buildConfigurationList = 2CF5F7001F69C2A900B1A0F7 /* Build configuration list for PBXNativeTarget "NYTimesAPIUITests" */;
			buildPhases = (
				2CF5F6ED1F69C2A900B1A0F7 /* Sources */,
				2CF5F6EE1F69C2A900B1A0F7 /* Frameworks */,
				2CF5F6EF1F69C2A900B1A0F7 /* Resources */,
			);
			buildRules = (
			);
			dependencies = (
				2CF5F6F31F69C2A900B1A0F7 /* PBXTargetDependency */,
			);
			name = NYTimesAPIUITests;
			productName = NYTimesAPIUITests;
			productReference = 2CF5F6F11F69C2A900B1A0F7 /* NYTimesAPIUITests.xctest */;
			productType = "com.apple.product-type.bundle.ui-testing";
		};
/* End PBXNativeTarget section */

/* Begin PBXProject section */
		2CF5F6CA1F69C2A900B1A0F7 /* Project object */ = {
			isa = PBXProject;
			attributes = {
				LastSwiftUpdateCheck = 0830;
				LastUpgradeCheck = 0830;
				ORGANIZATIONNAME = ahartwel;
				TargetAttributes = {
					2CF5F6D11F69C2A900B1A0F7 = {
						CreatedOnToolsVersion = 8.3.3;
						DevelopmentTeam = NFYQ3P3JKX;
						ProvisioningStyle = Automatic;
					};
					2CF5F6E51F69C2A900B1A0F7 = {
						CreatedOnToolsVersion = 8.3.3;
						DevelopmentTeam = NFYQ3P3JKX;
						ProvisioningStyle = Automatic;
						TestTargetID = 2CF5F6D11F69C2A900B1A0F7;
					};
					2CF5F6F01F69C2A900B1A0F7 = {
						CreatedOnToolsVersion = 8.3.3;
						DevelopmentTeam = NFYQ3P3JKX;
						ProvisioningStyle = Automatic;
						TestTargetID = 2CF5F6D11F69C2A900B1A0F7;
					};
				};
			};
			buildConfigurationList = 2CF5F6CD1F69C2A900B1A0F7 /* Build configuration list for PBXProject "NYTimesAPI" */;
			compatibilityVersion = "Xcode 3.2";
			developmentRegion = English;
			hasScannedForEncodings = 0;
			knownRegions = (
				en,
				Base,
			);
			mainGroup = 2CF5F6C91F69C2A900B1A0F7;
			productRefGroup = 2CF5F6D31F69C2A900B1A0F7 /* Products */;
			projectDirPath = "";
			projectRoot = "";
			targets = (
				2CF5F6D11F69C2A900B1A0F7 /* NYTimesAPI */,
				2CF5F6E51F69C2A900B1A0F7 /* NYTimesAPITests */,
				2CF5F6F01F69C2A900B1A0F7 /* NYTimesAPIUITests */,
			);
		};
/* End PBXProject section */

/* Begin PBXResourcesBuildPhase section */
		2CF5F6D01F69C2A900B1A0F7 /* Resources */ = {
			isa = PBXResourcesBuildPhase;
			buildActionMask = 2147483647;
			files = (
				2CF5F6E01F69C2A900B1A0F7 /* LaunchScreen.storyboard in Resources */,
				2CF5F6DD1F69C2A900B1A0F7 /* Assets.xcassets in Resources */,
				2CF5F6DB1F69C2A900B1A0F7 /* Main.storyboard in Resources */,
			);
			runOnlyForDeploymentPostprocessing = 0;
		};
		2CF5F6E41F69C2A900B1A0F7 /* Resources */ = {
			isa = PBXResourcesBuildPhase;
			buildActionMask = 2147483647;
			files = (
			);
			runOnlyForDeploymentPostprocessing = 0;
		};
		2CF5F6EF1F69C2A900B1A0F7 /* Resources */ = {
			isa = PBXResourcesBuildPhase;
			buildActionMask = 2147483647;
			files = (
			);
			runOnlyForDeploymentPostprocessing = 0;
		};
/* End PBXResourcesBuildPhase section */

/* Begin PBXSourcesBuildPhase section */
		2CF5F6CE1F69C2A900B1A0F7 /* Sources */ = {
			isa = PBXSourcesBuildPhase;
			buildActionMask = 2147483647;
			files = (
				2CF5F6D81F69C2A900B1A0F7 /* ViewController.swift in Sources */,
				2CF5F6D61F69C2A900B1A0F7 /* AppDelegate.swift in Sources */,
			);
			runOnlyForDeploymentPostprocessing = 0;
		};
		2CF5F6E21F69C2A900B1A0F7 /* Sources */ = {
			isa = PBXSourcesBuildPhase;
			buildActionMask = 2147483647;
			files = (
				2CF5F6EB1F69C2A900B1A0F7 /* NYTimesAPITests.swift in Sources */,
			);
			runOnlyForDeploymentPostprocessing = 0;
		};
		2CF5F6ED1F69C2A900B1A0F7 /* Sources */ = {
			isa = PBXSourcesBuildPhase;
			buildActionMask = 2147483647;
			files = (
				2CF5F6F61F69C2A900B1A0F7 /* NYTimesAPIUITests.swift in Sources */,
			);
			runOnlyForDeploymentPostprocessing = 0;
		};
/* End PBXSourcesBuildPhase section */

/* Begin PBXTargetDependency section */
		2CF5F6E81F69C2A900B1A0F7 /* PBXTargetDependency */ = {
			isa = PBXTargetDependency;
			target = 2CF5F6D11F69C2A900B1A0F7 /* NYTimesAPI */;
			targetProxy = 2CF5F6E71F69C2A900B1A0F7 /* PBXContainerItemProxy */;
		};
		2CF5F6F31F69C2A900B1A0F7 /* PBXTargetDependency */ = {
			isa = PBXTargetDependency;
			target = 2CF5F6D11F69C2A900B1A0F7 /* NYTimesAPI */;
			targetProxy = 2CF5F6F21F69C2A900B1A0F7 /* PBXContainerItemProxy */;
		};
/* End PBXTargetDependency section */

/* Begin PBXVariantGroup section */
		2CF5F6D91F69C2A900B1A0F7 /* Main.storyboard */ = {
			isa = PBXVariantGroup;
			children = (
				2CF5F6DA1F69C2A900B1A0F7 /* Base */,
			);
			name = Main.storyboard;
			sourceTree = "<group>";
		};
		2CF5F6DE1F69C2A900B1A0F7 /* LaunchScreen.storyboard */ = {
			isa = PBXVariantGroup;
			children = (
				2CF5F6DF1F69C2A900B1A0F7 /* Base */,
			);
			name = LaunchScreen.storyboard;
			sourceTree = "<group>";
		};
/* End PBXVariantGroup section */

/* Begin XCBuildConfiguration section */
		2CF5F6F81F69C2A900B1A0F7 /* Debug */ = {
			isa = XCBuildConfiguration;
			buildSettings = {
				ALWAYS_SEARCH_USER_PATHS = NO;
				CLANG_ANALYZER_NONNULL = YES;
				CLANG_ANALYZER_NUMBER_OBJECT_CONVERSION = YES_AGGRESSIVE;
				CLANG_CXX_LANGUAGE_STANDARD = "gnu++0x";
				CLANG_CXX_LIBRARY = "libc++";
				CLANG_ENABLE_MODULES = YES;
				CLANG_ENABLE_OBJC_ARC = YES;
				CLANG_WARN_BOOL_CONVERSION = YES;
				CLANG_WARN_CONSTANT_CONVERSION = YES;
				CLANG_WARN_DIRECT_OBJC_ISA_USAGE = YES_ERROR;
				CLANG_WARN_DOCUMENTATION_COMMENTS = YES;
				CLANG_WARN_EMPTY_BODY = YES;
				CLANG_WARN_ENUM_CONVERSION = YES;
				CLANG_WARN_INFINITE_RECURSION = YES;
				CLANG_WARN_INT_CONVERSION = YES;
				CLANG_WARN_OBJC_ROOT_CLASS = YES_ERROR;
				CLANG_WARN_SUSPICIOUS_MOVE = YES;
				CLANG_WARN_UNREACHABLE_CODE = YES;
				CLANG_WARN__DUPLICATE_METHOD_MATCH = YES;
				"CODE_SIGN_IDENTITY[sdk=iphoneos*]" = "iPhone Developer";
				COPY_PHASE_STRIP = NO;
				DEBUG_INFORMATION_FORMAT = dwarf;
				ENABLE_STRICT_OBJC_MSGSEND = YES;
				ENABLE_TESTABILITY = YES;
				GCC_C_LANGUAGE_STANDARD = gnu99;
				GCC_DYNAMIC_NO_PIC = NO;
				GCC_NO_COMMON_BLOCKS = YES;
				GCC_OPTIMIZATION_LEVEL = 0;
				GCC_PREPROCESSOR_DEFINITIONS = (
					"DEBUG=1",
					"$(inherited)",
				);
				GCC_WARN_64_TO_32_BIT_CONVERSION = YES;
				GCC_WARN_ABOUT_RETURN_TYPE = YES_ERROR;
				GCC_WARN_UNDECLARED_SELECTOR = YES;
				GCC_WARN_UNINITIALIZED_AUTOS = YES_AGGRESSIVE;
				GCC_WARN_UNUSED_FUNCTION = YES;
				GCC_WARN_UNUSED_VARIABLE = YES;
				IPHONEOS_DEPLOYMENT_TARGET = 10.3;
				MTL_ENABLE_DEBUG_INFO = YES;
				ONLY_ACTIVE_ARCH = YES;
				SDKROOT = iphoneos;
				SWIFT_ACTIVE_COMPILATION_CONDITIONS = DEBUG;
				SWIFT_OPTIMIZATION_LEVEL = "-Onone";
				TARGETED_DEVICE_FAMILY = "1,2";
			};
			name = Debug;
		};
		2CF5F6F91F69C2A900B1A0F7 /* Release */ = {
			isa = XCBuildConfiguration;
			buildSettings = {
				ALWAYS_SEARCH_USER_PATHS = NO;
				CLANG_ANALYZER_NONNULL = YES;
				CLANG_ANALYZER_NUMBER_OBJECT_CONVERSION = YES_AGGRESSIVE;
				CLANG_CXX_LANGUAGE_STANDARD = "gnu++0x";
				CLANG_CXX_LIBRARY = "libc++";
				CLANG_ENABLE_MODULES = YES;
				CLANG_ENABLE_OBJC_ARC = YES;
				CLANG_WARN_BOOL_CONVERSION = YES;
				CLANG_WARN_CONSTANT_CONVERSION = YES;
				CLANG_WARN_DIRECT_OBJC_ISA_USAGE = YES_ERROR;
				CLANG_WARN_DOCUMENTATION_COMMENTS = YES;
				CLANG_WARN_EMPTY_BODY = YES;
				CLANG_WARN_ENUM_CONVERSION = YES;
				CLANG_WARN_INFINITE_RECURSION = YES;
				CLANG_WARN_INT_CONVERSION = YES;
				CLANG_WARN_OBJC_ROOT_CLASS = YES_ERROR;
				CLANG_WARN_SUSPICIOUS_MOVE = YES;
				CLANG_WARN_UNREACHABLE_CODE = YES;
				CLANG_WARN__DUPLICATE_METHOD_MATCH = YES;
				"CODE_SIGN_IDENTITY[sdk=iphoneos*]" = "iPhone Developer";
				COPY_PHASE_STRIP = NO;
				DEBUG_INFORMATION_FORMAT = "dwarf-with-dsym";
				ENABLE_NS_ASSERTIONS = NO;
				ENABLE_STRICT_OBJC_MSGSEND = YES;
				GCC_C_LANGUAGE_STANDARD = gnu99;
				GCC_NO_COMMON_BLOCKS = YES;
				GCC_WARN_64_TO_32_BIT_CONVERSION = YES;
				GCC_WARN_ABOUT_RETURN_TYPE = YES_ERROR;
				GCC_WARN_UNDECLARED_SELECTOR = YES;
				GCC_WARN_UNINITIALIZED_AUTOS = YES_AGGRESSIVE;
				GCC_WARN_UNUSED_FUNCTION = YES;
				GCC_WARN_UNUSED_VARIABLE = YES;
				IPHONEOS_DEPLOYMENT_TARGET = 10.3;
				MTL_ENABLE_DEBUG_INFO = NO;
				SDKROOT = iphoneos;
				SWIFT_OPTIMIZATION_LEVEL = "-Owholemodule";
				TARGETED_DEVICE_FAMILY = "1,2";
				VALIDATE_PRODUCT = YES;
			};
			name = Release;
		};
		2CF5F6FB1F69C2A900B1A0F7 /* Debug */ = {
			isa = XCBuildConfiguration;
			buildSettings = {
				ASSETCATALOG_COMPILER_APPICON_NAME = AppIcon;
				DEVELOPMENT_TEAM = NFYQ3P3JKX;
				INFOPLIST_FILE = NYTimesAPI/Info.plist;
				LD_RUNPATH_SEARCH_PATHS = "$(inherited) @executable_path/Frameworks";
				PRODUCT_BUNDLE_IDENTIFIER = com.ahartwel.NYTimesAPI;
				PRODUCT_NAME = "$(TARGET_NAME)";
				SWIFT_VERSION = 3.0;
			};
			name = Debug;
		};
		2CF5F6FC1F69C2A900B1A0F7 /* Release */ = {
			isa = XCBuildConfiguration;
			buildSettings = {
				ASSETCATALOG_COMPILER_APPICON_NAME = AppIcon;
				DEVELOPMENT_TEAM = NFYQ3P3JKX;
				INFOPLIST_FILE = NYTimesAPI/Info.plist;
				LD_RUNPATH_SEARCH_PATHS = "$(inherited) @executable_path/Frameworks";
				PRODUCT_BUNDLE_IDENTIFIER = com.ahartwel.NYTimesAPI;
				PRODUCT_NAME = "$(TARGET_NAME)";
				SWIFT_VERSION = 3.0;
			};
			name = Release;
		};
		2CF5F6FE1F69C2A900B1A0F7 /* Debug */ = {
			isa = XCBuildConfiguration;
			buildSettings = {
				ALWAYS_EMBED_SWIFT_STANDARD_LIBRARIES = YES;
				BUNDLE_LOADER = "$(TEST_HOST)";
				DEVELOPMENT_TEAM = NFYQ3P3JKX;
				INFOPLIST_FILE = NYTimesAPITests/Info.plist;
				LD_RUNPATH_SEARCH_PATHS = "$(inherited) @executable_path/Frameworks @loader_path/Frameworks";
				PRODUCT_BUNDLE_IDENTIFIER = com.ahartwel.NYTimesAPITests;
				PRODUCT_NAME = "$(TARGET_NAME)";
				SWIFT_VERSION = 3.0;
				TEST_HOST = "$(BUILT_PRODUCTS_DIR)/NYTimesAPI.app/NYTimesAPI";
			};
			name = Debug;
		};
		2CF5F6FF1F69C2A900B1A0F7 /* Release */ = {
			isa = XCBuildConfiguration;
			buildSettings = {
				ALWAYS_EMBED_SWIFT_STANDARD_LIBRARIES = YES;
				BUNDLE_LOADER = "$(TEST_HOST)";
				DEVELOPMENT_TEAM = NFYQ3P3JKX;
				INFOPLIST_FILE = NYTimesAPITests/Info.plist;
				LD_RUNPATH_SEARCH_PATHS = "$(inherited) @executable_path/Frameworks @loader_path/Frameworks";
				PRODUCT_BUNDLE_IDENTIFIER = com.ahartwel.NYTimesAPITests;
				PRODUCT_NAME = "$(TARGET_NAME)";
				SWIFT_VERSION = 3.0;
				TEST_HOST = "$(BUILT_PRODUCTS_DIR)/NYTimesAPI.app/NYTimesAPI";
			};
			name = Release;
		};
		2CF5F7011F69C2A900B1A0F7 /* Debug */ = {
			isa = XCBuildConfiguration;
			buildSettings = {
				ALWAYS_EMBED_SWIFT_STANDARD_LIBRARIES = YES;
				DEVELOPMENT_TEAM = NFYQ3P3JKX;
				INFOPLIST_FILE = NYTimesAPIUITests/Info.plist;
				LD_RUNPATH_SEARCH_PATHS = "$(inherited) @executable_path/Frameworks @loader_path/Frameworks";
				PRODUCT_BUNDLE_IDENTIFIER = com.ahartwel.NYTimesAPIUITests;
				PRODUCT_NAME = "$(TARGET_NAME)";
				SWIFT_VERSION = 3.0;
				TEST_TARGET_NAME = NYTimesAPI;
			};
			name = Debug;
		};
		2CF5F7021F69C2A900B1A0F7 /* Release */ = {
			isa = XCBuildConfiguration;
			buildSettings = {
				ALWAYS_EMBED_SWIFT_STANDARD_LIBRARIES = YES;
				DEVELOPMENT_TEAM = NFYQ3P3JKX;
				INFOPLIST_FILE = NYTimesAPIUITests/Info.plist;
				LD_RUNPATH_SEARCH_PATHS = "$(inherited) @executable_path/Frameworks @loader_path/Frameworks";
				PRODUCT_BUNDLE_IDENTIFIER = com.ahartwel.NYTimesAPIUITests;
				PRODUCT_NAME = "$(TARGET_NAME)";
				SWIFT_VERSION = 3.0;
				TEST_TARGET_NAME = NYTimesAPI;
			};
			name = Release;
		};
/* End XCBuildConfiguration section */

/* Begin XCConfigurationList section */
		2CF5F6CD1F69C2A900B1A0F7 /* Build configuration list for PBXProject "NYTimesAPI" */ = {
			isa = XCConfigurationList;
			buildConfigurations = (
				2CF5F6F81F69C2A900B1A0F7 /* Debug */,
				2CF5F6F91F69C2A900B1A0F7 /* Release */,
			);
			defaultConfigurationIsVisible = 0;
			defaultConfigurationName = Release;
		};
		2CF5F6FA1F69C2A900B1A0F7 /* Build configuration list for PBXNativeTarget "NYTimesAPI" */ = {
			isa = XCConfigurationList;
			buildConfigurations = (
				2CF5F6FB1F69C2A900B1A0F7 /* Debug */,
				2CF5F6FC1F69C2A900B1A0F7 /* Release */,
			);
			defaultConfigurationIsVisible = 0;
		};
		2CF5F6FD1F69C2A900B1A0F7 /* Build configuration list for PBXNativeTarget "NYTimesAPITests" */ = {
			isa = XCConfigurationList;
			buildConfigurations = (
				2CF5F6FE1F69C2A900B1A0F7 /* Debug */,
				2CF5F6FF1F69C2A900B1A0F7 /* Release */,
			);
			defaultConfigurationIsVisible = 0;
		};
		2CF5F7001F69C2A900B1A0F7 /* Build configuration list for PBXNativeTarget "NYTimesAPIUITests" */ = {
			isa = XCConfigurationList;
			buildConfigurations = (
				2CF5F7011F69C2A900B1A0F7 /* Debug */,
				2CF5F7021F69C2A900B1A0F7 /* Release */,
			);
			defaultConfigurationIsVisible = 0;
		};
/* End XCConfigurationList section */
	};
	rootObject = 2CF5F6CA1F69C2A900B1A0F7 /* Project object */;
}
